
Microsoft Visual Studio Solution File, Format Version 12.00
# Visual Studio Version 16
VisualStudioVersion = 16.0.32126.315
MinimumVisualStudioVersion = 10.0.40219.1
Project("{FAE04EC0-301F-11D3-BF4B-00C04F79EFBC}") = "MVCTraining", "MVCTraining.csproj", "{9668E15A-3D63-48E9-9B67-E8820DB73343}"
EndProject
Global
	GlobalSection(SolutionConfigurationPlatforms) = preSolution
		Debug|Any CPU = Debug|Any CPU
		Release|Any CPU = Release|Any CPU
	EndGlobalSection
	GlobalSection(ProjectConfigurationPlatforms) = postSolution
		{9668E15A-3D63-48E9-9B67-E8820DB73343}.Debug|Any CPU.ActiveCfg = Debug|Any CPU
		{9668E15A-3D63-48E9-9B67-E8820DB73343}.Debug|Any CPU.Build.0 = Debug|Any CPU
		{9668E15A-3D63-48E9-9B67-E8820DB73343}.Release|Any CPU.ActiveCfg = Release|Any CPU
		{9668E15A-3D63-48E9-9B67-E8820DB73343}.Release|Any CPU.Build.0 = Release|Any CPU
	EndGlobalSection
	GlobalSection(SolutionProperties) = preSolution
		HideSolutionNode = FALSE
	EndGlobalSection
	GlobalSection(ExtensibilityGlobals) = postSolution
		SolutionGuid = {A48F8EE1-F9D1-41FE-B8D7-A07275A9B12B}
	EndGlobalSection
EndGlobal
